lockfileVersion: '9.0'

settings:
  autoInstallPeers: true
  excludeLinksFromLockfile: false

importers:

  .:
    dependencies:
      '@deepseek-ai/cosmokit':
        specifier: ~1.8.5
        version: 1.8.5
      '@deepseek-ai/schemastery':
        specifier: ~3.18.4
        version: 3.18.4
      eventsource-parser:
        specifier: ~3.1.1
        version: 3.1.1
    devDependencies:
      '@deepseek-ai/cordis':
        specifier: ~4.0.4
        version: 4.0.4
      '@deepseek-ai/dsh-credentials':
        specifier: 0.1.7-rc.2
        version: 0.1.7-rc.2(@deepseek-ai/cordis@4.0.4)(@deepseek-ai/dsh-invariants@0.1.7-rc.2(@deepseek-ai/cordis@4.0.4))
      '@deepseek-ai/dsh-launch-environment':
        specifier: 0.1.7-rc.2
        version: 0.1.7-rc.2(@deepseek-ai/cordis@4.0.4)
      '@deepseek-ai/dsh-llm':
        specifier: 0.1.7-rc.2
        version: 0.1.7-rc.2(@deepseek-ai/cordis@4.0.4)

packages:

  '@deepseek-ai/cordis@4.0.4':
    resolution: {integrity: sha512-obgyxqWAmFn3Re8kvsuUnyW+ihrz6eJCnJO4fh1cQzDtmPYz/zzVeUkH9R94I0OwSVOocK67Kgakm04j/oQXzg==}
    hasBin: true
    peerDependencies:
      '@deepseek-ai/cordis-plugin-include': ~1.0.9
      '@deepseek-ai/cordis-plugin-loader': ~1.0.5
    peerDependenciesMeta:
      '@deepseek-ai/cordis-plugin-include':
        optional: true
      '@deepseek-ai/cordis-plugin-loader':
        optional: true

  '@deepseek-ai/cosmokit@1.8.5':
    resolution: {integrity: sha512-LXsrlem9z8dq4sLflj2yuCuYX7KqhdzF5hZly3eZyuTo8d6oDSOXuEgC5DbQWKW+lksm6zmOutQLsP/ma6wR6A==}

  '@deepseek-ai/dsh-brand@0.1.7-rc.2':
    resolution: {integrity: sha512-cvcvlNRuiFqZNNqyxdu7wcpiBjd9xa/0MpuhRvee43zBp9uED2p5JolZr5/2EKJf57gYx9k9bedb+Zbyiqnpkw==}
    peerDependencies:
      '@deepseek-ai/cordis': ~4.0.4

  '@deepseek-ai/dsh-credentials@0.1.7-rc.2':
    resolution: {integrity: sha512-Zi5MCL+o2bphuvWcfFsaRmg6eIafkjCa758+DVB2ac2tt5hzXLoKhwSku4YVhvhZYJan8TP87abIzyGr5z1X5g==}
    peerDependencies:
      '@deepseek-ai/cordis': ~4.0.4
      '@deepseek-ai/dsh-invariants': 0.1.7-rc.2

  '@deepseek-ai/dsh-invariants@0.1.7-rc.2':
    resolution: {integrity: sha512-GY2lY2TUUH2Qk1ZnrB3Q5+lXSh4webn1kbt5nQfhojVmNbist/f3dJC8JJa7XXOUNvqAgqRN9IZ4egbDZ9LLxQ==}
    peerDependencies:
      '@deepseek-ai/cordis': ~4.0.4

  '@deepseek-ai/dsh-launch-environment@0.1.7-rc.2':
    resolution: {integrity: sha512-i8U15ebCS4tWtL2mnuhfl0h5XXBagtbiGO63/OMeHpfWb5sHUvTYBNWTDxmlMjLDkTNQgPsXmRl0UrbWKCSJwg==}
    peerDependencies:
      '@deepseek-ai/cordis': ~4.0.4

  '@deepseek-ai/dsh-llm@0.1.7-rc.2':
    resolution: {integrity: sha512-hNT3ovFnbNDQ8g544bh2Q9ORX40aI6Y+jhjer1lETeHS4g0jTjqUUVfARCTA7uAFvHucSBg2rFgbisIktmJCxw==}
    peerDependencies:
      '@deepseek-ai/cordis': ~4.0.4

  '@deepseek-ai/dsh-timeout@0.1.7-rc.2':
    resolution: {integrity: sha512-YunLoLZSF8Ld9eYwyvKoBnxgy3GZrIQpw98HfFS15ZfZlqcFiZcchFhYmStLtUbtX+gjhoeXc8Xz913YbVifNA==}
    peerDependencies:
      '@deepseek-ai/cordis': ~4.0.4

  '@deepseek-ai/dsh-typert-protocol@0.1.7-rc.2':
    resolution: {integrity: sha512-oJm03zqMQlvt16Ejw7VWy3/gqlJGrBCZj3Z4KL8ydLJeeTToKIR49WVCxMbJTlH0F9QFljruLtHguA5B99AeUQ==}
    peerDependencies:
      '@deepseek-ai/cordis': ~4.0.4

  '@deepseek-ai/dsh-util-crypto@0.1.7-rc.2':
    resolution: {integrity: sha512-BGc55/bSj/1LcDTQ5fpok4U24X9SFyN+TB23/hBlbe2TBUKVuwO8+X5FFKKje2MLO8PWYEDkXv/LrV6jRVKZEg==}
    peerDependencies:
      '@deepseek-ai/cordis': ~4.0.4

  '@deepseek-ai/dsh-util-values@0.1.7-rc.2':
    resolution: {integrity: sha512-UX8nh5SbtZcPVVEvjd+9PCPcbybA6OpVzJGgFxYn59ao/7QQGyYbByS8KXr+THU5JtqmDDVb9xGUSJaF2IYmeQ==}
    peerDependencies:
      '@deepseek-ai/cordis': ~4.0.4

  '@deepseek-ai/schemastery@3.18.4':
    resolution: {integrity: sha512-SSXO6tYuyrIqKVbmOnIq0s+riUywYzouFMcnBluHF9n4KMo2G8HvEzhCYj6pj2617/glOjbJuVInJ9hfONsjkg==}

  '@standard-schema/spec@1.1.0':
    resolution: {integrity: sha512-l2aFy5jALhniG5HgqrD6jXLi/rUWrKvqN/qJx6yoJsgKhblVd+iqqU4RCXavm/jPityDo5TCvKMnpjKnOriy0w==}

  eventsource-parser@3.1.1:
    resolution: {integrity: sha512-EKN1vKAMcZ8MlYMpaNuxN6R9yakzH6uajHcHVTqWJzvu5pWw9DyhbP35HH8MVBQ+dZjAfDxk+A8NiR9KWaXiyQ==}
    engines: {node: '>=18.0.0'}

  zod@4.6.5:
    resolution: {integrity: sha512-v5l/aFXZQeai4awLbOpSoHecE9UiMrnfx75tEXLjNonXVARxQ5mOeipTjROUchszUNCqnE+hqAMujRsRHsut2Q==}

snapshots:

  '@deepseek-ai/cordis@4.0.4':
    dependencies:
      '@deepseek-ai/cosmokit': 1.8.5
      '@standard-schema/spec': 1.1.0

  '@deepseek-ai/cosmokit@1.8.5': {}

  '@deepseek-ai/dsh-brand@0.1.7-rc.2(@deepseek-ai/cordis@4.0.4)':
    dependencies:
      '@deepseek-ai/cordis': 4.0.4

  '@deepseek-ai/dsh-credentials@0.1.7-rc.2(@deepseek-ai/cordis@4.0.4)(@deepseek-ai/dsh-invariants@0.1.7-rc.2(@deepseek-ai/cordis@4.0.4))':
    dependencies:
      '@deepseek-ai/cordis': 4.0.4
      '@deepseek-ai/dsh-brand': 0.1.7-rc.2(@deepseek-ai/cordis@4.0.4)
      '@deepseek-ai/dsh-invariants': 0.1.7-rc.2(@deepseek-ai/cordis@4.0.4)

  '@deepseek-ai/dsh-invariants@0.1.7-rc.2(@deepseek-ai/cordis@4.0.4)':
    dependencies:
      '@deepseek-ai/cordis': 4.0.4
      '@deepseek-ai/schemastery': 3.18.4

  '@deepseek-ai/dsh-launch-environment@0.1.7-rc.2(@deepseek-ai/cordis@4.0.4)':
    dependencies:
      '@deepseek-ai/cordis': 4.0.4

  '@deepseek-ai/dsh-llm@0.1.7-rc.2(@deepseek-ai/cordis@4.0.4)':
    dependencies:
      '@deepseek-ai/cordis': 4.0.4
      '@deepseek-ai/dsh-brand': 0.1.7-rc.2(@deepseek-ai/cordis@4.0.4)
      '@deepseek-ai/dsh-timeout': 0.1.7-rc.2(@deepseek-ai/cordis@4.0.4)
      '@deepseek-ai/dsh-typert-protocol': 0.1.7-rc.2(@deepseek-ai/cordis@4.0.4)
      '@deepseek-ai/dsh-util-crypto': 0.1.7-rc.2(@deepseek-ai/cordis@4.0.4)
      '@deepseek-ai/dsh-util-values': 0.1.7-rc.2(@deepseek-ai/cordis@4.0.4)
      '@deepseek-ai/schemastery': 3.18.4
      zod: 4.6.5

  '@deepseek-ai/dsh-timeout@0.1.7-rc.2(@deepseek-ai/cordis@4.0.4)':
    dependencies:
      '@deepseek-ai/cordis': 4.0.4

  '@deepseek-ai/dsh-typert-protocol@0.1.7-rc.2(@deepseek-ai/cordis@4.0.4)':
    dependencies:
      '@deepseek-ai/cordis': 4.0.4
      '@deepseek-ai/dsh-brand': 0.1.7-rc.2(@deepseek-ai/cordis@4.0.4)

  '@deepseek-ai/dsh-util-crypto@0.1.7-rc.2(@deepseek-ai/cordis@4.0.4)':
    dependencies:
      '@deepseek-ai/cordis': 4.0.4

  '@deepseek-ai/dsh-util-values@0.1.7-rc.2(@deepseek-ai/cordis@4.0.4)':
    dependencies:
      '@deepseek-ai/cordis': 4.0.4

  '@deepseek-ai/schemastery@3.18.4':
    dependencies:
      '@deepseek-ai/cosmokit': 1.8.5
      '@standard-schema/spec': 1.1.0

  '@standard-schema/spec@1.1.0': {}

  eventsource-parser@3.1.1: {}

  zod@4.6.5: {}
